
Microsoft Visual Studio Solution File, Format Version 12.00
# Visual Studio Version 17
VisualStudioVersion = 17.14.36429.23 d17.14
MinimumVisualStudioVersion = 10.0.40219.1
Project("{FAE04EC0-301F-11D3-BF4B-00C04F79EFBC}") = "ChatApp", "ChatApp\ChatApp.csproj", "{46C7BD76-C49B-43B4-90C2-8D9E45C9DA2C}"
EndProject
Global
	GlobalSection(SolutionConfigurationPlatforms) = preSolution
		Debug|Any CPU = Debug|Any CPU
		Release|Any CPU = Release|Any CPU
	EndGlobalSection
	GlobalSection(ProjectConfigurationPlatforms) = postSolution
		{46C7BD76-C49B-43B4-90C2-8D9E45C9DA2C}.Debug|Any CPU.ActiveCfg = Debug|Any CPU
		{46C7BD76-C49B-43B4-90C2-8D9E45C9DA2C}.Debug|Any CPU.Build.0 = Debug|Any CPU
		{46C7BD76-C49B-43B4-90C2-8D9E45C9DA2C}.Release|Any CPU.ActiveCfg = Release|Any CPU
		{46C7BD76-C49B-43B4-90C2-8D9E45C9DA2C}.Release|Any CPU.Build.0 = Release|Any CPU
	EndGlobalSection
	GlobalSection(SolutionProperties) = preSolution
		HideSolutionNode = FALSE
	EndGlobalSection
	GlobalSection(ExtensibilityGlobals) = postSolution
		SolutionGuid = {3F04506A-69E1-43D7-9A97-43F7A12F728E}
	EndGlobalSection
EndGlobal
